
Microsoft Visual Studio Solution File, Format Version 12.00
# Visual Studio Version 16
VisualStudioVersion = 16.0.31025.194
MinimumVisualStudioVersion = 10.0.40219.1
Project("{9A19103F-16F7-4668-BE54-9A1E7A4F7556}") = "DateAccess", "DateAccess\DateAccess.csproj", "{CB542B06-4324-49FD-A72A-2125F3F37DFC}"
EndProject
Project("{9A19103F-16F7-4668-BE54-9A1E7A4F7556}") = "Business", "Business\Business.csproj", "{2CAFC157-BAB8-4E05-B970-8F0C319DF6B1}"
EndProject
Project("{9A19103F-16F7-4668-BE54-9A1E7A4F7556}") = "Entities", "Entities\Entities.csproj", "{A43DAB71-0344-4E2F-96D1-0C8857308E30}"
EndProject
Project("{9A19103F-16F7-4668-BE54-9A1E7A4F7556}") = "ConsoleUI", "ConsoleUI\ConsoleUI.csproj", "{345A845E-B468-483F-8E08-0A2C33C7516F}"
EndProject
Project("{9A19103F-16F7-4668-BE54-9A1E7A4F7556}") = "Core", "Core\Core.csproj", "{5FD44E9C-9333-4DC7-B664-EE4E409AFFB8}"
EndProject
Project("{FAE04EC0-301F-11D3-BF4B-00C04F79EFBC}") = "WebAPI", "WebAPI\WebAPI.csproj", "{3A99AA3B-E5F7-4995-A790-6A1AE831E164}"
EndProject
Global
	GlobalSection(SolutionConfigurationPlatforms) = preSolution
		Debug|Any CPU = Debug|Any CPU
		Release|Any CPU = Release|Any CPU
	EndGlobalSection
	GlobalSection(ProjectConfigurationPlatforms) = postSolution
		{CB542B06-4324-49FD-A72A-2125F3F37DFC}.Debug|Any CPU.ActiveCfg = Debug|Any CPU
		{CB542B06-4324-49FD-A72A-2125F3F37DFC}.Debug|Any CPU.Build.0 = Debug|Any CPU
		{CB542B06-4324-49FD-A72A-2125F3F37DFC}.Release|Any CPU.ActiveCfg = Release|Any CPU
		{CB542B06-4324-49FD-A72A-2125F3F37DFC}.Release|Any CPU.Build.0 = Release|Any CPU
		{2CAFC157-BAB8-4E05-B970-8F0C319DF6B1}.Debug|Any CPU.ActiveCfg = Debug|Any CPU
		{2CAFC157-BAB8-4E05-B970-8F0C319DF6B1}.Debug|Any CPU.Build.0 = Debug|Any CPU
		{2CAFC157-BAB8-4E05-B970-8F0C319DF6B1}.Release|Any CPU.ActiveCfg = Release|Any CPU
		{2CAFC157-BAB8-4E05-B970-8F0C319DF6B1}.Release|Any CPU.Build.0 = Release|Any CPU
		{A43DAB71-0344-4E2F-96D1-0C8857308E30}.Debug|Any CPU.ActiveCfg = Debug|Any CPU
		{A43DAB71-0344-4E2F-96D1-0C8857308E30}.Debug|Any CPU.Build.0 = Debug|Any CPU
		{A43DAB71-0344-4E2F-96D1-0C8857308E30}.Release|Any CPU.ActiveCfg = Release|Any CPU
		{A43DAB71-0344-4E2F-96D1-0C8857308E30}.Release|Any CPU.Build.0 = Release|Any CPU
		{345A845E-B468-483F-8E08-0A2C33C7516F}.Debug|Any CPU.ActiveCfg = Debug|Any CPU
		{345A845E-B468-483F-8E08-0A2C33C7516F}.Debug|Any CPU.Build.0 = Debug|Any CPU
		{345A845E-B468-483F-8E08-0A2C33C7516F}.Release|Any CPU.ActiveCfg = Release|Any CPU
		{345A845E-B468-483F-8E08-0A2C33C7516F}.Release|Any CPU.Build.0 = Release|Any CPU
		{5FD44E9C-9333-4DC7-B664-EE4E409AFFB8}.Debug|Any CPU.ActiveCfg = Debug|Any CPU
		{5FD44E9C-9333-4DC7-B664-EE4E409AFFB8}.Debug|Any CPU.Build.0 = Debug|Any CPU
		{5FD44E9C-9333-4DC7-B664-EE4E409AFFB8}.Release|Any CPU.ActiveCfg = Release|Any CPU
		{5FD44E9C-9333-4DC7-B664-EE4E409AFFB8}.Release|Any CPU.Build.0 = Release|Any CPU
		{3A99AA3B-E5F7-4995-A790-6A1AE831E164}.Debug|Any CPU.ActiveCfg = Debug|Any CPU
		{3A99AA3B-E5F7-4995-A790-6A1AE831E164}.Debug|Any CPU.Build.0 = Debug|Any CPU
		{3A99AA3B-E5F7-4995-A790-6A1AE831E164}.Release|Any CPU.ActiveCfg = Release|Any CPU
		{3A99AA3B-E5F7-4995-A790-6A1AE831E164}.Release|Any CPU.Build.0 = Release|Any CPU
	EndGlobalSection
	GlobalSection(SolutionProperties) = preSolution
		HideSolutionNode = FALSE
	EndGlobalSection
	GlobalSection(ExtensibilityGlobals) = postSolution
		SolutionGuid = {65BB60CA-CCA0-471D-8446-96EB24628C9E}
	EndGlobalSection
EndGlobal
