
Microsoft Visual Studio Solution File, Format Version 12.00
# Visual Studio Version 16
VisualStudioVersion = 16.0.31025.194
MinimumVisualStudioVersion = 10.0.40219.1
Project("{9A19103F-16F7-4668-BE54-9A1E7A4F7556}") = "Business", "Business\Business.csproj", "{2CAFC157-BAB8-4E05-B970-8F0C319DF6B1}"
EndProject
Project("{9A19103F-16F7-4668-BE54-9A1E7A4F7556}") = "Entities", "Entities\Entities.csproj", "{A43DAB71-0344-4E2F-96D1-0C8857308E30}"
EndProject
Project("{9A19103F-16F7-4668-BE54-9A1E7A4F7556}") = "Core", "Core\Core.csproj", "{5FD44E9C-9333-4DC7-B664-EE4E409AFFB8}"
EndProject
Project("{9A19103F-16F7-4668-BE54-9A1E7A4F7556}") = "WebAPI2", "WebAPI2\WebAPI2.csproj", "{7D9F118A-6735-4874-BE45-129788DDB857}"
EndProject
Project("{9A19103F-16F7-4668-BE54-9A1E7A4F7556}") = "DataAccess", "DataAccess\DataAccess.csproj", "{09AC3907-9EB3-4921-81A8-D1A490FD7179}"
EndProject
Global
	GlobalSection(SolutionConfigurationPlatforms) = preSolution
		Debug|Any CPU = Debug|Any CPU
		Release|Any CPU = Release|Any CPU
	EndGlobalSection
	GlobalSection(ProjectConfigurationPlatforms) = postSolution
		{2CAFC157-BAB8-4E05-B970-8F0C319DF6B1}.Debug|Any CPU.ActiveCfg = Debug|Any CPU
		{2CAFC157-BAB8-4E05-B970-8F0C319DF6B1}.Debug|Any CPU.Build.0 = Debug|Any CPU
		{2CAFC157-BAB8-4E05-B970-8F0C319DF6B1}.Release|Any CPU.ActiveCfg = Release|Any CPU
		{2CAFC157-BAB8-4E05-B970-8F0C319DF6B1}.Release|Any CPU.Build.0 = Release|Any CPU
		{A43DAB71-0344-4E2F-96D1-0C8857308E30}.Debug|Any CPU.ActiveCfg = Debug|Any CPU
		{A43DAB71-0344-4E2F-96D1-0C8857308E30}.Debug|Any CPU.Build.0 = Debug|Any CPU
		{A43DAB71-0344-4E2F-96D1-0C8857308E30}.Release|Any CPU.ActiveCfg = Release|Any CPU
		{A43DAB71-0344-4E2F-96D1-0C8857308E30}.Release|Any CPU.Build.0 = Release|Any CPU
		{5FD44E9C-9333-4DC7-B664-EE4E409AFFB8}.Debug|Any CPU.ActiveCfg = Debug|Any CPU
		{5FD44E9C-9333-4DC7-B664-EE4E409AFFB8}.Debug|Any CPU.Build.0 = Debug|Any CPU
		{5FD44E9C-9333-4DC7-B664-EE4E409AFFB8}.Release|Any CPU.ActiveCfg = Release|Any CPU
		{5FD44E9C-9333-4DC7-B664-EE4E409AFFB8}.Release|Any CPU.Build.0 = Release|Any CPU
		{7D9F118A-6735-4874-BE45-129788DDB857}.Debug|Any CPU.ActiveCfg = Debug|Any CPU
		{7D9F118A-6735-4874-BE45-129788DDB857}.Debug|Any CPU.Build.0 = Debug|Any CPU
		{7D9F118A-6735-4874-BE45-129788DDB857}.Release|Any CPU.ActiveCfg = Release|Any CPU
		{7D9F118A-6735-4874-BE45-129788DDB857}.Release|Any CPU.Build.0 = Release|Any CPU
		{09AC3907-9EB3-4921-81A8-D1A490FD7179}.Debug|Any CPU.ActiveCfg = Debug|Any CPU
		{09AC3907-9EB3-4921-81A8-D1A490FD7179}.Debug|Any CPU.Build.0 = Debug|Any CPU
		{09AC3907-9EB3-4921-81A8-D1A490FD7179}.Release|Any CPU.ActiveCfg = Release|Any CPU
		{09AC3907-9EB3-4921-81A8-D1A490FD7179}.Release|Any CPU.Build.0 = Release|Any CPU
	EndGlobalSection
	GlobalSection(SolutionProperties) = preSolution
		HideSolutionNode = FALSE
	EndGlobalSection
	GlobalSection(ExtensibilityGlobals) = postSolution
		SolutionGuid = {65BB60CA-CCA0-471D-8446-96EB24628C9E}
	EndGlobalSection
EndGlobal
